
Microsoft Visual Studio Solution File, Format Version 12.00
# Visual Studio Version 16
VisualStudioVersion = 16.0.30621.155
MinimumVisualStudioVersion = 10.0.40219.1
Project("{9A19103F-16F7-4668-BE54-9A1E7A4F7556}") = "StackApplication", "StackApplication\StackApplication.csproj", "{9DC458F4-F23C-4124-9722-37B0B837DC9A}"
EndProject
Project("{FAE04EC0-301F-11D3-BF4B-00C04F79EFBC}") = "StackMSTest", "StackMSTest\StackMSTest.csproj", "{F88F307D-EB0C-402B-9EF8-71A998766F88}"
EndProject
Global
	GlobalSection(SolutionConfigurationPlatforms) = preSolution
		Debug|Any CPU = Debug|Any CPU
		Release|Any CPU = Release|Any CPU
	EndGlobalSection
	GlobalSection(ProjectConfigurationPlatforms) = postSolution
		{9DC458F4-F23C-4124-9722-37B0B837DC9A}.Debug|Any CPU.ActiveCfg = Debug|Any CPU
		{9DC458F4-F23C-4124-9722-37B0B837DC9A}.Debug|Any CPU.Build.0 = Debug|Any CPU
		{9DC458F4-F23C-4124-9722-37B0B837DC9A}.Release|Any CPU.ActiveCfg = Release|Any CPU
		{9DC458F4-F23C-4124-9722-37B0B837DC9A}.Release|Any CPU.Build.0 = Release|Any CPU
		{F88F307D-EB0C-402B-9EF8-71A998766F88}.Debug|Any CPU.ActiveCfg = Debug|Any CPU
		{F88F307D-EB0C-402B-9EF8-71A998766F88}.Debug|Any CPU.Build.0 = Debug|Any CPU
		{F88F307D-EB0C-402B-9EF8-71A998766F88}.Release|Any CPU.ActiveCfg = Release|Any CPU
		{F88F307D-EB0C-402B-9EF8-71A998766F88}.Release|Any CPU.Build.0 = Release|Any CPU
	EndGlobalSection
	GlobalSection(SolutionProperties) = preSolution
		HideSolutionNode = FALSE
	EndGlobalSection
	GlobalSection(ExtensibilityGlobals) = postSolution
		SolutionGuid = {92AB0F6F-3958-4673-963D-53168109247B}
	EndGlobalSection
EndGlobal
